{
  "requires": true,
  "lockfileVersion": 1,
  "dependencies": {
    "@angular/animations": {
      "version": "10.0.8",
      "resolved": "https://registry.npmjs.org/@angular/animations/-/animations-10.0.8.tgz",
      "integrity": "sha512-vxJRNz6CbguuoLxZpKbaCRcJRFg+/UeXvrUjRlUxwJpAni5hFYkWZUjjXvHDszI97q8FkDNLpGDPcggGqPfo4w==",
      "requires": {
        "tslib": "^2.0.0"
      }
    },
    "@angular/cdk": {
      "version": "10.1.3",
      "resolved": "https://registry.npmjs.org/@angular/cdk/-/cdk-10.1.3.tgz",
      "integrity": "sha512-xMV1M41mfuaQod4rtAG/duYiWffGIC2C87E1YuyHTh8SEcHopGVRQd2C8PWH+iwinPbes7AjU1uzCEvmOYikrA==",
      "requires": {
        "parse5": "^5.0.0",
        "tslib": "^2.0.0"
      }
    },
    "parse5": {
      "version": "5.1.1",
      "resolved": "https://registry.npmjs.org/parse5/-/parse5-5.1.1.tgz",
      "integrity": "sha512-ugq4DFI0Ptb+WWjAdOK16+u/nHfiIrcE+sh8kZMaM0WllQKLI9rOUq6c2b7cwPkXdzfQESqvoqK6ug7U/Yyzug=="
    },
    "primeflex": {
      "version": "2.0.0-rc.1",
      "resolved": "https://registry.npmjs.org/primeflex/-/primeflex-2.0.0-rc.1.tgz",
      "integrity": "sha512-NX7n6gLOo8peGhiqgW3ZbeEbN5mjzoFeHrhXL/UBMsQN4ZRHNjYCl4dlSlPmJ/wUO89PcnlT25eW3PnLcxjpcg=="
    },
    "tslib": {
      "version": "2.0.1",
      "resolved": "https://registry.npmjs.org/tslib/-/tslib-2.0.1.tgz",
      "integrity": "sha512-SgIkNheinmEBgx1IUNirK0TUD4X9yjjBRTqqjggWCU3pUEqIk3/Uwl3yRixYKT6WjQuGiwDv4NomL3wqRCj+CQ=="
    }
  }
}
